
Microsoft Visual Studio Solution File, Format Version 12.00
# Visual Studio 15
VisualStudioVersion = 15.0.26124.0
MinimumVisualStudioVersion = 15.0.26124.0
Project("{FAE04EC0-301F-11D3-BF4B-00C04F79EFBC}") = "Domain", "Api.Domain\Domain.csproj", "{A0B5067C-41F9-4FBA-B5B6-094D1217789D}"
EndProject
Project("{FAE04EC0-301F-11D3-BF4B-00C04F79EFBC}") = "CrossCutting", "Api.CrossCutting\CrossCutting.csproj", "{A0C754BE-A7A3-48A2-A846-05CC453F6ECD}"
EndProject
Project("{FAE04EC0-301F-11D3-BF4B-00C04F79EFBC}") = "Data", "Api.Data\Data.csproj", "{62A1B86F-4005-408C-AE96-824725E6A3CC}"
EndProject
Project("{FAE04EC0-301F-11D3-BF4B-00C04F79EFBC}") = "Service", "Api.Service\Service.csproj", "{1EB2737C-7B81-4A0A-8E3C-82CF8EC15479}"
EndProject
Project("{FAE04EC0-301F-11D3-BF4B-00C04F79EFBC}") = "Application", "Api.Application\Application.csproj", "{8224C109-C1B1-41D6-8A35-1B21EE4BC223}"
EndProject
Project("{FAE04EC0-301F-11D3-BF4B-00C04F79EFBC}") = "Data.Test", "Api.Data.Test\Data.Test.csproj", "{40E067B4-D3DC-4B8A-9C96-D7A50C4B6F97}"
EndProject
Project("{FAE04EC0-301F-11D3-BF4B-00C04F79EFBC}") = "Service.Test", "Api.Service.Test\Service.Test.csproj", "{54661AE2-3C60-43C5-838B-B92FAAC52F1B}"
EndProject
Project("{FAE04EC0-301F-11D3-BF4B-00C04F79EFBC}") = "Application.Test", "Api.Application.Test\Application.Test.csproj", "{8E73D31A-973A-430F-AB14-FC8C9BA612CF}"
EndProject
Global
	GlobalSection(SolutionConfigurationPlatforms) = preSolution
		Debug|Any CPU = Debug|Any CPU
		Debug|x64 = Debug|x64
		Debug|x86 = Debug|x86
		Release|Any CPU = Release|Any CPU
		Release|x64 = Release|x64
		Release|x86 = Release|x86
	EndGlobalSection
	GlobalSection(SolutionProperties) = preSolution
		HideSolutionNode = FALSE
	EndGlobalSection
	GlobalSection(ProjectConfigurationPlatforms) = postSolution
		{A0B5067C-41F9-4FBA-B5B6-094D1217789D}.Debug|Any CPU.ActiveCfg = Debug|Any CPU
		{A0B5067C-41F9-4FBA-B5B6-094D1217789D}.Debug|Any CPU.Build.0 = Debug|Any CPU
		{A0B5067C-41F9-4FBA-B5B6-094D1217789D}.Debug|x64.ActiveCfg = Debug|Any CPU
		{A0B5067C-41F9-4FBA-B5B6-094D1217789D}.Debug|x64.Build.0 = Debug|Any CPU
		{A0B5067C-41F9-4FBA-B5B6-094D1217789D}.Debug|x86.ActiveCfg = Debug|Any CPU
		{A0B5067C-41F9-4FBA-B5B6-094D1217789D}.Debug|x86.Build.0 = Debug|Any CPU
		{A0B5067C-41F9-4FBA-B5B6-094D1217789D}.Release|Any CPU.ActiveCfg = Release|Any CPU
		{A0B5067C-41F9-4FBA-B5B6-094D1217789D}.Release|Any CPU.Build.0 = Release|Any CPU
		{A0B5067C-41F9-4FBA-B5B6-094D1217789D}.Release|x64.ActiveCfg = Release|Any CPU
		{A0B5067C-41F9-4FBA-B5B6-094D1217789D}.Release|x64.Build.0 = Release|Any CPU
		{A0B5067C-41F9-4FBA-B5B6-094D1217789D}.Release|x86.ActiveCfg = Release|Any CPU
		{A0B5067C-41F9-4FBA-B5B6-094D1217789D}.Release|x86.Build.0 = Release|Any CPU
		{A0C754BE-A7A3-48A2-A846-05CC453F6ECD}.Debug|Any CPU.ActiveCfg = Debug|Any CPU
		{A0C754BE-A7A3-48A2-A846-05CC453F6ECD}.Debug|Any CPU.Build.0 = Debug|Any CPU
		{A0C754BE-A7A3-48A2-A846-05CC453F6ECD}.Debug|x64.ActiveCfg = Debug|Any CPU
		{A0C754BE-A7A3-48A2-A846-05CC453F6ECD}.Debug|x64.Build.0 = Debug|Any CPU
		{A0C754BE-A7A3-48A2-A846-05CC453F6ECD}.Debug|x86.ActiveCfg = Debug|Any CPU
		{A0C754BE-A7A3-48A2-A846-05CC453F6ECD}.Debug|x86.Build.0 = Debug|Any CPU
		{A0C754BE-A7A3-48A2-A846-05CC453F6ECD}.Release|Any CPU.ActiveCfg = Release|Any CPU
		{A0C754BE-A7A3-48A2-A846-05CC453F6ECD}.Release|Any CPU.Build.0 = Release|Any CPU
		{A0C754BE-A7A3-48A2-A846-05CC453F6ECD}.Release|x64.ActiveCfg = Release|Any CPU
		{A0C754BE-A7A3-48A2-A846-05CC453F6ECD}.Release|x64.Build.0 = Release|Any CPU
		{A0C754BE-A7A3-48A2-A846-05CC453F6ECD}.Release|x86.ActiveCfg = Release|Any CPU
		{A0C754BE-A7A3-48A2-A846-05CC453F6ECD}.Release|x86.Build.0 = Release|Any CPU
		{62A1B86F-4005-408C-AE96-824725E6A3CC}.Debug|Any CPU.ActiveCfg = Debug|Any CPU
		{62A1B86F-4005-408C-AE96-824725E6A3CC}.Debug|Any CPU.Build.0 = Debug|Any CPU
		{62A1B86F-4005-408C-AE96-824725E6A3CC}.Debug|x64.ActiveCfg = Debug|Any CPU
		{62A1B86F-4005-408C-AE96-824725E6A3CC}.Debug|x64.Build.0 = Debug|Any CPU
		{62A1B86F-4005-408C-AE96-824725E6A3CC}.Debug|x86.ActiveCfg = Debug|Any CPU
		{62A1B86F-4005-408C-AE96-824725E6A3CC}.Debug|x86.Build.0 = Debug|Any CPU
		{62A1B86F-4005-408C-AE96-824725E6A3CC}.Release|Any CPU.ActiveCfg = Release|Any CPU
		{62A1B86F-4005-408C-AE96-824725E6A3CC}.Release|Any CPU.Build.0 = Release|Any CPU
		{62A1B86F-4005-408C-AE96-824725E6A3CC}.Release|x64.ActiveCfg = Release|Any CPU
		{62A1B86F-4005-408C-AE96-824725E6A3CC}.Release|x64.Build.0 = Release|Any CPU
		{62A1B86F-4005-408C-AE96-824725E6A3CC}.Release|x86.ActiveCfg = Release|Any CPU
		{62A1B86F-4005-408C-AE96-824725E6A3CC}.Release|x86.Build.0 = Release|Any CPU
		{1EB2737C-7B81-4A0A-8E3C-82CF8EC15479}.Debug|Any CPU.ActiveCfg = Debug|Any CPU
		{1EB2737C-7B81-4A0A-8E3C-82CF8EC15479}.Debug|Any CPU.Build.0 = Debug|Any CPU
		{1EB2737C-7B81-4A0A-8E3C-82CF8EC15479}.Debug|x64.ActiveCfg = Debug|Any CPU
		{1EB2737C-7B81-4A0A-8E3C-82CF8EC15479}.Debug|x64.Build.0 = Debug|Any CPU
		{1EB2737C-7B81-4A0A-8E3C-82CF8EC15479}.Debug|x86.ActiveCfg = Debug|Any CPU
		{1EB2737C-7B81-4A0A-8E3C-82CF8EC15479}.Debug|x86.Build.0 = Debug|Any CPU
		{1EB2737C-7B81-4A0A-8E3C-82CF8EC15479}.Release|Any CPU.ActiveCfg = Release|Any CPU
		{1EB2737C-7B81-4A0A-8E3C-82CF8EC15479}.Release|Any CPU.Build.0 = Release|Any CPU
		{1EB2737C-7B81-4A0A-8E3C-82CF8EC15479}.Release|x64.ActiveCfg = Release|Any CPU
		{1EB2737C-7B81-4A0A-8E3C-82CF8EC15479}.Release|x64.Build.0 = Release|Any CPU
		{1EB2737C-7B81-4A0A-8E3C-82CF8EC15479}.Release|x86.ActiveCfg = Release|Any CPU
		{1EB2737C-7B81-4A0A-8E3C-82CF8EC15479}.Release|x86.Build.0 = Release|Any CPU
		{8224C109-C1B1-41D6-8A35-1B21EE4BC223}.Debug|Any CPU.ActiveCfg = Debug|Any CPU
		{8224C109-C1B1-41D6-8A35-1B21EE4BC223}.Debug|Any CPU.Build.0 = Debug|Any CPU
		{8224C109-C1B1-41D6-8A35-1B21EE4BC223}.Debug|x64.ActiveCfg = Debug|Any CPU
		{8224C109-C1B1-41D6-8A35-1B21EE4BC223}.Debug|x64.Build.0 = Debug|Any CPU
		{8224C109-C1B1-41D6-8A35-1B21EE4BC223}.Debug|x86.ActiveCfg = Debug|Any CPU
		{8224C109-C1B1-41D6-8A35-1B21EE4BC223}.Debug|x86.Build.0 = Debug|Any CPU
		{8224C109-C1B1-41D6-8A35-1B21EE4BC223}.Release|Any CPU.ActiveCfg = Release|Any CPU
		{8224C109-C1B1-41D6-8A35-1B21EE4BC223}.Release|Any CPU.Build.0 = Release|Any CPU
		{8224C109-C1B1-41D6-8A35-1B21EE4BC223}.Release|x64.ActiveCfg = Release|Any CPU
		{8224C109-C1B1-41D6-8A35-1B21EE4BC223}.Release|x64.Build.0 = Release|Any CPU
		{8224C109-C1B1-41D6-8A35-1B21EE4BC223}.Release|x86.ActiveCfg = Release|Any CPU
		{8224C109-C1B1-41D6-8A35-1B21EE4BC223}.Release|x86.Build.0 = Release|Any CPU
		{40E067B4-D3DC-4B8A-9C96-D7A50C4B6F97}.Debug|Any CPU.ActiveCfg = Debug|Any CPU
		{40E067B4-D3DC-4B8A-9C96-D7A50C4B6F97}.Debug|Any CPU.Build.0 = Debug|Any CPU
		{40E067B4-D3DC-4B8A-9C96-D7A50C4B6F97}.Debug|x64.ActiveCfg = Debug|Any CPU
		{40E067B4-D3DC-4B8A-9C96-D7A50C4B6F97}.Debug|x64.Build.0 = Debug|Any CPU
		{40E067B4-D3DC-4B8A-9C96-D7A50C4B6F97}.Debug|x86.ActiveCfg = Debug|Any CPU
		{40E067B4-D3DC-4B8A-9C96-D7A50C4B6F97}.Debug|x86.Build.0 = Debug|Any CPU
		{40E067B4-D3DC-4B8A-9C96-D7A50C4B6F97}.Release|Any CPU.ActiveCfg = Release|Any CPU
		{40E067B4-D3DC-4B8A-9C96-D7A50C4B6F97}.Release|Any CPU.Build.0 = Release|Any CPU
		{40E067B4-D3DC-4B8A-9C96-D7A50C4B6F97}.Release|x64.ActiveCfg = Release|Any CPU
		{40E067B4-D3DC-4B8A-9C96-D7A50C4B6F97}.Release|x64.Build.0 = Release|Any CPU
		{40E067B4-D3DC-4B8A-9C96-D7A50C4B6F97}.Release|x86.ActiveCfg = Release|Any CPU
		{40E067B4-D3DC-4B8A-9C96-D7A50C4B6F97}.Release|x86.Build.0 = Release|Any CPU
		{54661AE2-3C60-43C5-838B-B92FAAC52F1B}.Debug|Any CPU.ActiveCfg = Debug|Any CPU
		{54661AE2-3C60-43C5-838B-B92FAAC52F1B}.Debug|Any CPU.Build.0 = Debug|Any CPU
		{54661AE2-3C60-43C5-838B-B92FAAC52F1B}.Debug|x64.ActiveCfg = Debug|Any CPU
		{54661AE2-3C60-43C5-838B-B92FAAC52F1B}.Debug|x64.Build.0 = Debug|Any CPU
		{54661AE2-3C60-43C5-838B-B92FAAC52F1B}.Debug|x86.ActiveCfg = Debug|Any CPU
		{54661AE2-3C60-43C5-838B-B92FAAC52F1B}.Debug|x86.Build.0 = Debug|Any CPU
		{54661AE2-3C60-43C5-838B-B92FAAC52F1B}.Release|Any CPU.ActiveCfg = Release|Any CPU
		{54661AE2-3C60-43C5-838B-B92FAAC52F1B}.Release|Any CPU.Build.0 = Release|Any CPU
		{54661AE2-3C60-43C5-838B-B92FAAC52F1B}.Release|x64.ActiveCfg = Release|Any CPU
		{54661AE2-3C60-43C5-838B-B92FAAC52F1B}.Release|x64.Build.0 = Release|Any CPU
		{54661AE2-3C60-43C5-838B-B92FAAC52F1B}.Release|x86.ActiveCfg = Release|Any CPU
		{54661AE2-3C60-43C5-838B-B92FAAC52F1B}.Release|x86.Build.0 = Release|Any CPU
		{8E73D31A-973A-430F-AB14-FC8C9BA612CF}.Debug|Any CPU.ActiveCfg = Debug|Any CPU
		{8E73D31A-973A-430F-AB14-FC8C9BA612CF}.Debug|Any CPU.Build.0 = Debug|Any CPU
		{8E73D31A-973A-430F-AB14-FC8C9BA612CF}.Debug|x64.ActiveCfg = Debug|Any CPU
		{8E73D31A-973A-430F-AB14-FC8C9BA612CF}.Debug|x64.Build.0 = Debug|Any CPU
		{8E73D31A-973A-430F-AB14-FC8C9BA612CF}.Debug|x86.ActiveCfg = Debug|Any CPU
		{8E73D31A-973A-430F-AB14-FC8C9BA612CF}.Debug|x86.Build.0 = Debug|Any CPU
		{8E73D31A-973A-430F-AB14-FC8C9BA612CF}.Release|Any CPU.ActiveCfg = Release|Any CPU
		{8E73D31A-973A-430F-AB14-FC8C9BA612CF}.Release|Any CPU.Build.0 = Release|Any CPU
		{8E73D31A-973A-430F-AB14-FC8C9BA612CF}.Release|x64.ActiveCfg = Release|Any CPU
		{8E73D31A-973A-430F-AB14-FC8C9BA612CF}.Release|x64.Build.0 = Release|Any CPU
		{8E73D31A-973A-430F-AB14-FC8C9BA612CF}.Release|x86.ActiveCfg = Release|Any CPU
		{8E73D31A-973A-430F-AB14-FC8C9BA612CF}.Release|x86.Build.0 = Release|Any CPU
	EndGlobalSection
EndGlobal
